# THIS IS AN AUTOGENERATED FILE. DO NOT EDIT THIS FILE DIRECTLY.
# yarn lockfile v1


node-machine-id@^1.1.12:
  version "1.1.12"
  resolved "https://registry.npmjs.org/node-machine-id/-/node-machine-id-1.1.12.tgz#37904eee1e59b320bb9c5d6c0a59f3b469cb6267"
  integrity sha512-QNABxbrPa3qEIfrE6GOJ7BYIuignnJw7iQ2YPbc3Nla1HzRJjXzZOiikfF8m7eAMfichLt3M4VgLOetqgDmgGQ==
